
Microsoft Visual Studio Solution File, Format Version 12.00
# Visual Studio 2012
Project("{8BC9CEB8-8B4A-11D0-8D11-00A0C91BC942}") = "EasyDisasm2", "EasyDisasm2\EasyDisasm2.vcxproj", "{4CD5462C-0E23-4501-A862-B1A2F97C0888}"
	ProjectSection(ProjectDependencies) = postProject
		{1DAAF2B3-64C0-47DD-8BF9-5B40A6AAFF49} = {1DAAF2B3-64C0-47DD-8BF9-5B40A6AAFF49}
	EndProjectSection
EndProject
Project("{8BC9CEB8-8B4A-11D0-8D11-00A0C91BC942}") = "libasmx86", "libasmx86\libasmx86.vcxproj", "{1DAAF2B3-64C0-47DD-8BF9-5B40A6AAFF49}"
EndProject
Global
	GlobalSection(SolutionConfigurationPlatforms) = preSolution
		Debug|Win32 = Debug|Win32
		Release|Win32 = Release|Win32
	EndGlobalSection
	GlobalSection(ProjectConfigurationPlatforms) = postSolution
		{4CD5462C-0E23-4501-A862-B1A2F97C0888}.Debug|Win32.ActiveCfg = Debug|Win32
		{4CD5462C-0E23-4501-A862-B1A2F97C0888}.Debug|Win32.Build.0 = Debug|Win32
		{4CD5462C-0E23-4501-A862-B1A2F97C0888}.Release|Win32.ActiveCfg = Release|Win32
		{4CD5462C-0E23-4501-A862-B1A2F97C0888}.Release|Win32.Build.0 = Release|Win32
		{1DAAF2B3-64C0-47DD-8BF9-5B40A6AAFF49}.Debug|Win32.ActiveCfg = Debug|Win32
		{1DAAF2B3-64C0-47DD-8BF9-5B40A6AAFF49}.Debug|Win32.Build.0 = Debug|Win32
		{1DAAF2B3-64C0-47DD-8BF9-5B40A6AAFF49}.Release|Win32.ActiveCfg = Release|Win32
		{1DAAF2B3-64C0-47DD-8BF9-5B40A6AAFF49}.Release|Win32.Build.0 = Release|Win32
	EndGlobalSection
	GlobalSection(SolutionProperties) = preSolution
		HideSolutionNode = FALSE
	EndGlobalSection
EndGlobal
